
Microsoft Visual Studio Solution File, Format Version 12.00
# Visual Studio 15
VisualStudioVersion = 15.0.26124.0
MinimumVisualStudioVersion = 15.0.26124.0
Project("{FAE04EC0-301F-11D3-BF4B-00C04F79EFBC}") = "Domain", "Domain\Domain.csproj", "{B449F2CF-0BC0-44D6-8850-02C391B45873}"
EndProject
Project("{FAE04EC0-301F-11D3-BF4B-00C04F79EFBC}") = "Application", "Application\Application.csproj", "{F6E5B659-0F79-48B4-A00A-A7C838D5E2A3}"
EndProject
Project("{FAE04EC0-301F-11D3-BF4B-00C04F79EFBC}") = "API", "API\API.csproj", "{A4E7AB61-4EA9-4A2C-B2BE-F2A81E65E6DC}"
EndProject
Project("{FAE04EC0-301F-11D3-BF4B-00C04F79EFBC}") = "Persistence", "Persistence\Persistence.csproj", "{DE6F930C-C4BF-4823-A528-A7B80732BDBB}"
EndProject
Global
	GlobalSection(SolutionConfigurationPlatforms) = preSolution
		Debug|Any CPU = Debug|Any CPU
		Debug|x64 = Debug|x64
		Debug|x86 = Debug|x86
		Release|Any CPU = Release|Any CPU
		Release|x64 = Release|x64
		Release|x86 = Release|x86
	EndGlobalSection
	GlobalSection(SolutionProperties) = preSolution
		HideSolutionNode = FALSE
	EndGlobalSection
	GlobalSection(ProjectConfigurationPlatforms) = postSolution
		{B449F2CF-0BC0-44D6-8850-02C391B45873}.Debug|Any CPU.ActiveCfg = Debug|Any CPU
		{B449F2CF-0BC0-44D6-8850-02C391B45873}.Debug|Any CPU.Build.0 = Debug|Any CPU
		{B449F2CF-0BC0-44D6-8850-02C391B45873}.Debug|x64.ActiveCfg = Debug|Any CPU
		{B449F2CF-0BC0-44D6-8850-02C391B45873}.Debug|x64.Build.0 = Debug|Any CPU
		{B449F2CF-0BC0-44D6-8850-02C391B45873}.Debug|x86.ActiveCfg = Debug|Any CPU
		{B449F2CF-0BC0-44D6-8850-02C391B45873}.Debug|x86.Build.0 = Debug|Any CPU
		{B449F2CF-0BC0-44D6-8850-02C391B45873}.Release|Any CPU.ActiveCfg = Release|Any CPU
		{B449F2CF-0BC0-44D6-8850-02C391B45873}.Release|Any CPU.Build.0 = Release|Any CPU
		{B449F2CF-0BC0-44D6-8850-02C391B45873}.Release|x64.ActiveCfg = Release|Any CPU
		{B449F2CF-0BC0-44D6-8850-02C391B45873}.Release|x64.Build.0 = Release|Any CPU
		{B449F2CF-0BC0-44D6-8850-02C391B45873}.Release|x86.ActiveCfg = Release|Any CPU
		{B449F2CF-0BC0-44D6-8850-02C391B45873}.Release|x86.Build.0 = Release|Any CPU
		{F6E5B659-0F79-48B4-A00A-A7C838D5E2A3}.Debug|Any CPU.ActiveCfg = Debug|Any CPU
		{F6E5B659-0F79-48B4-A00A-A7C838D5E2A3}.Debug|Any CPU.Build.0 = Debug|Any CPU
		{F6E5B659-0F79-48B4-A00A-A7C838D5E2A3}.Debug|x64.ActiveCfg = Debug|Any CPU
		{F6E5B659-0F79-48B4-A00A-A7C838D5E2A3}.Debug|x64.Build.0 = Debug|Any CPU
		{F6E5B659-0F79-48B4-A00A-A7C838D5E2A3}.Debug|x86.ActiveCfg = Debug|Any CPU
		{F6E5B659-0F79-48B4-A00A-A7C838D5E2A3}.Debug|x86.Build.0 = Debug|Any CPU
		{F6E5B659-0F79-48B4-A00A-A7C838D5E2A3}.Release|Any CPU.ActiveCfg = Release|Any CPU
		{F6E5B659-0F79-48B4-A00A-A7C838D5E2A3}.Release|Any CPU.Build.0 = Release|Any CPU
		{F6E5B659-0F79-48B4-A00A-A7C838D5E2A3}.Release|x64.ActiveCfg = Release|Any CPU
		{F6E5B659-0F79-48B4-A00A-A7C838D5E2A3}.Release|x64.Build.0 = Release|Any CPU
		{F6E5B659-0F79-48B4-A00A-A7C838D5E2A3}.Release|x86.ActiveCfg = Release|Any CPU
		{F6E5B659-0F79-48B4-A00A-A7C838D5E2A3}.Release|x86.Build.0 = Release|Any CPU
		{A4E7AB61-4EA9-4A2C-B2BE-F2A81E65E6DC}.Debug|Any CPU.ActiveCfg = Debug|Any CPU
		{A4E7AB61-4EA9-4A2C-B2BE-F2A81E65E6DC}.Debug|Any CPU.Build.0 = Debug|Any CPU
		{A4E7AB61-4EA9-4A2C-B2BE-F2A81E65E6DC}.Debug|x64.ActiveCfg = Debug|Any CPU
		{A4E7AB61-4EA9-4A2C-B2BE-F2A81E65E6DC}.Debug|x64.Build.0 = Debug|Any CPU
		{A4E7AB61-4EA9-4A2C-B2BE-F2A81E65E6DC}.Debug|x86.ActiveCfg = Debug|Any CPU
		{A4E7AB61-4EA9-4A2C-B2BE-F2A81E65E6DC}.Debug|x86.Build.0 = Debug|Any CPU
		{A4E7AB61-4EA9-4A2C-B2BE-F2A81E65E6DC}.Release|Any CPU.ActiveCfg = Release|Any CPU
		{A4E7AB61-4EA9-4A2C-B2BE-F2A81E65E6DC}.Release|Any CPU.Build.0 = Release|Any CPU
		{A4E7AB61-4EA9-4A2C-B2BE-F2A81E65E6DC}.Release|x64.ActiveCfg = Release|Any CPU
		{A4E7AB61-4EA9-4A2C-B2BE-F2A81E65E6DC}.Release|x64.Build.0 = Release|Any CPU
		{A4E7AB61-4EA9-4A2C-B2BE-F2A81E65E6DC}.Release|x86.ActiveCfg = Release|Any CPU
		{A4E7AB61-4EA9-4A2C-B2BE-F2A81E65E6DC}.Release|x86.Build.0 = Release|Any CPU
		{DE6F930C-C4BF-4823-A528-A7B80732BDBB}.Debug|Any CPU.ActiveCfg = Debug|Any CPU
		{DE6F930C-C4BF-4823-A528-A7B80732BDBB}.Debug|Any CPU.Build.0 = Debug|Any CPU
		{DE6F930C-C4BF-4823-A528-A7B80732BDBB}.Debug|x64.ActiveCfg = Debug|Any CPU
		{DE6F930C-C4BF-4823-A528-A7B80732BDBB}.Debug|x64.Build.0 = Debug|Any CPU
		{DE6F930C-C4BF-4823-A528-A7B80732BDBB}.Debug|x86.ActiveCfg = Debug|Any CPU
		{DE6F930C-C4BF-4823-A528-A7B80732BDBB}.Debug|x86.Build.0 = Debug|Any CPU
		{DE6F930C-C4BF-4823-A528-A7B80732BDBB}.Release|Any CPU.ActiveCfg = Release|Any CPU
		{DE6F930C-C4BF-4823-A528-A7B80732BDBB}.Release|Any CPU.Build.0 = Release|Any CPU
		{DE6F930C-C4BF-4823-A528-A7B80732BDBB}.Release|x64.ActiveCfg = Release|Any CPU
		{DE6F930C-C4BF-4823-A528-A7B80732BDBB}.Release|x64.Build.0 = Release|Any CPU
		{DE6F930C-C4BF-4823-A528-A7B80732BDBB}.Release|x86.ActiveCfg = Release|Any CPU
		{DE6F930C-C4BF-4823-A528-A7B80732BDBB}.Release|x86.Build.0 = Release|Any CPU
	EndGlobalSection
EndGlobal
